{
  "originHash" : "5cf6b389baab28b844f80b1bc59e5845544ba0f56893dd6eb6df3b0dc4202025",
  "pins" : [
    {
      "identity" : "cpython",
      "kind" : "remoteSourceControl",
      "location" : "https://github.com/libswiftpy/cpython.git",
      "state" : {
        "revision" : "317a918b3591e1d6643a7ff96011720ba491e2f5",
        "version" : "3.15.0-swiftpy.1"
      }
    },
    {
      "identity" : "swift-syntax",
      "kind" : "remoteSourceControl",
      "location" : "https://github.com/swiftlang/swift-syntax.git",
      "state" : {
        "revision" : "f99ae8aa18f0cf0d53481901f88a0991dc3bd4a2",
        "version" : "601.0.1"
      }
    },
    {
      "identity" : "swiftpy",
      "kind" : "remoteSourceControl",
      "location" : "https://github.com/felfoldy/SwiftPy",
      "state" : {
        "revision" : "f0253404f3d211ae2bf7be5abec1e7fad97cc243",
        "version" : "0.30.0"
      }
    }
  ],
  "version" : 3
}
