{
  "originHash" : "6638065379cc475f036d22a1d51a18b9534902716ff446d39500fe2aed7a1833",
  "pins" : [
    {
      "identity" : "swift-syntax",
      "kind" : "remoteSourceControl",
      "location" : "https://github.com/swiftlang/swift-syntax.git",
      "state" : {
        "revision" : "f99ae8aa18f0cf0d53481901f88a0991dc3bd4a2",
        "version" : "601.0.1"
      }
    },
    {
      "identity" : "swiftpy",
      "kind" : "remoteSourceControl",
      "location" : "https://github.com/felfoldy/SwiftPy",
      "state" : {
        "revision" : "091c9b4dee59310a400d4d615975a7ebb6b330c0",
        "version" : "0.29.0"
      }
    }
  ],
  "version" : 3
}
